
Microsoft Visual Studio Solution File, Format Version 11.00
# Visual Studio 2010
Project("{FAE04EC0-301F-11D3-BF4B-00C04F79EFBC}") = "libmsiecf-sharp", "src\libmsiecf-sharp.csproj", "{24B24CB8-371F-403F-8BC7-4EBB333CA80E}"
EndProject
Project("{FAE04EC0-301F-11D3-BF4B-00C04F79EFBC}") = "libmsiecf.test", "test\libmsiecf.test.csproj", "{17B470B0-3ED3-42A9-9845-4A29A96EA721}"
EndProject
Project("{2150E333-8FDC-42A3-9474-1A3956D46DE8}") = "Solution Items", "Solution Items", "{9C2B58DB-1690-4E79-8C86-A4D51F508266}"
	ProjectSection(SolutionItems) = preProject
		readme.txt = readme.txt
	EndProjectSection
EndProject
Global
	GlobalSection(SolutionConfigurationPlatforms) = preSolution
		Debug|Any CPU = Debug|Any CPU
		Debug|x86 = Debug|x86
		Release|Any CPU = Release|Any CPU
		Release|x86 = Release|x86
	EndGlobalSection
	GlobalSection(ProjectConfigurationPlatforms) = postSolution
		{24B24CB8-371F-403F-8BC7-4EBB333CA80E}.Debug|Any CPU.ActiveCfg = Debug|Any CPU
		{24B24CB8-371F-403F-8BC7-4EBB333CA80E}.Debug|Any CPU.Build.0 = Debug|Any CPU
		{24B24CB8-371F-403F-8BC7-4EBB333CA80E}.Debug|x86.ActiveCfg = Debug|Any CPU
		{24B24CB8-371F-403F-8BC7-4EBB333CA80E}.Debug|x86.Build.0 = Debug|Any CPU
		{24B24CB8-371F-403F-8BC7-4EBB333CA80E}.Release|Any CPU.ActiveCfg = Release|Any CPU
		{24B24CB8-371F-403F-8BC7-4EBB333CA80E}.Release|Any CPU.Build.0 = Release|Any CPU
		{24B24CB8-371F-403F-8BC7-4EBB333CA80E}.Release|x86.ActiveCfg = Release|Any CPU
		{24B24CB8-371F-403F-8BC7-4EBB333CA80E}.Release|x86.Build.0 = Release|Any CPU
		{17B470B0-3ED3-42A9-9845-4A29A96EA721}.Debug|Any CPU.ActiveCfg = Debug|x86
		{17B470B0-3ED3-42A9-9845-4A29A96EA721}.Debug|Any CPU.Build.0 = Debug|x86
		{17B470B0-3ED3-42A9-9845-4A29A96EA721}.Debug|x86.ActiveCfg = Debug|x86
		{17B470B0-3ED3-42A9-9845-4A29A96EA721}.Debug|x86.Build.0 = Debug|x86
		{17B470B0-3ED3-42A9-9845-4A29A96EA721}.Release|Any CPU.ActiveCfg = Release|x86
		{17B470B0-3ED3-42A9-9845-4A29A96EA721}.Release|Any CPU.Build.0 = Release|x86
		{17B470B0-3ED3-42A9-9845-4A29A96EA721}.Release|x86.ActiveCfg = Release|x86
		{17B470B0-3ED3-42A9-9845-4A29A96EA721}.Release|x86.Build.0 = Release|x86
	EndGlobalSection
	GlobalSection(SolutionProperties) = preSolution
		HideSolutionNode = FALSE
	EndGlobalSection
EndGlobal
